
Microsoft Visual Studio Solution File, Format Version 12.00
Project("{FAE04EC0-301F-11D3-BF4B-00C04F79EFBC}") = "VirtualFileSystem", "VirtualFileSystem\VirtualFileSystem.csproj", "{91D7FC4A-B905-414E-A7A7-49AC0AC3C6F2}"
EndProject
Project("{FAE04EC0-301F-11D3-BF4B-00C04F79EFBC}") = "VirtualFileSystem.SharpZipLib", "VirtualFileSystem.SharpZipLib\VirtualFileSystem.SharpZipLib.csproj", "{C2C23974-0BC9-4C3C-9CA7-F6C20282FDB7}"
EndProject
Project("{FAE04EC0-301F-11D3-BF4B-00C04F79EFBC}") = "VirtualFileSystem.Test", "VirtualFileSystem.Test\VirtualFileSystem.Test.csproj", "{B4612A23-7862-4F17-BB82-CC0EBCE2C141}"
EndProject
Global
	GlobalSection(SolutionConfigurationPlatforms) = preSolution
		Debug|Any CPU = Debug|Any CPU
		Release|Any CPU = Release|Any CPU
	EndGlobalSection
	GlobalSection(ProjectConfigurationPlatforms) = postSolution
		{91D7FC4A-B905-414E-A7A7-49AC0AC3C6F2}.Debug|Any CPU.ActiveCfg = Debug|Any CPU
		{91D7FC4A-B905-414E-A7A7-49AC0AC3C6F2}.Debug|Any CPU.Build.0 = Debug|Any CPU
		{91D7FC4A-B905-414E-A7A7-49AC0AC3C6F2}.Release|Any CPU.ActiveCfg = Release|Any CPU
		{91D7FC4A-B905-414E-A7A7-49AC0AC3C6F2}.Release|Any CPU.Build.0 = Release|Any CPU
		{C2C23974-0BC9-4C3C-9CA7-F6C20282FDB7}.Debug|Any CPU.ActiveCfg = Debug|Any CPU
		{C2C23974-0BC9-4C3C-9CA7-F6C20282FDB7}.Debug|Any CPU.Build.0 = Debug|Any CPU
		{C2C23974-0BC9-4C3C-9CA7-F6C20282FDB7}.Release|Any CPU.ActiveCfg = Release|Any CPU
		{C2C23974-0BC9-4C3C-9CA7-F6C20282FDB7}.Release|Any CPU.Build.0 = Release|Any CPU
		{B4612A23-7862-4F17-BB82-CC0EBCE2C141}.Debug|Any CPU.ActiveCfg = Debug|Any CPU
		{B4612A23-7862-4F17-BB82-CC0EBCE2C141}.Debug|Any CPU.Build.0 = Debug|Any CPU
		{B4612A23-7862-4F17-BB82-CC0EBCE2C141}.Release|Any CPU.ActiveCfg = Release|Any CPU
		{B4612A23-7862-4F17-BB82-CC0EBCE2C141}.Release|Any CPU.Build.0 = Release|Any CPU
	EndGlobalSection
EndGlobal
